
Microsoft Visual Studio Solution File, Format Version 12.00
# Visual Studio 15
VisualStudioVersion = 15.0.28307.572
MinimumVisualStudioVersion = 10.0.40219.1
Project("{FAE04EC0-301F-11D3-BF4B-00C04F79EFBC}") = "SboCreateUserFields", "CreateUserFields\SboCreateUserFields.csproj", "{C698400D-337B-44BE-879D-3FE9A1FEE8AD}"
EndProject
Global
	GlobalSection(SolutionConfigurationPlatforms) = preSolution
		Debug|Any CPU = Debug|Any CPU
		Release|Any CPU = Release|Any CPU
	EndGlobalSection
	GlobalSection(ProjectConfigurationPlatforms) = postSolution
		{C698400D-337B-44BE-879D-3FE9A1FEE8AD}.Debug|Any CPU.ActiveCfg = Debug|Any CPU
		{C698400D-337B-44BE-879D-3FE9A1FEE8AD}.Debug|Any CPU.Build.0 = Debug|Any CPU
		{C698400D-337B-44BE-879D-3FE9A1FEE8AD}.Release|Any CPU.ActiveCfg = Release|Any CPU
		{C698400D-337B-44BE-879D-3FE9A1FEE8AD}.Release|Any CPU.Build.0 = Release|Any CPU
	EndGlobalSection
	GlobalSection(SolutionProperties) = preSolution
		HideSolutionNode = FALSE
	EndGlobalSection
	GlobalSection(ExtensibilityGlobals) = postSolution
		SolutionGuid = {493F2EEC-0CB0-4879-8D98-0551DF172AA3}
	EndGlobalSection
EndGlobal
